<?xml version="1.0" encoding="utf-8"?>
<Project ToolsVersion="4.0" xmlns="http://schemas.microsoft.com/developer/msbuild/2003">
  <ItemGroup>
    <Filter Include="ソース ファイル">
      <UniqueIdentifier>{4FC737F1-C7A5-4376-A066-2A32D752A2FF}</UniqueIdentifier>
      <Extensions>cpp;c;cc;cxx;c++;def;odl;idl;hpj;bat;asm;asmx</Extensions>
    </Filter>
    <Filter Include="ヘッダー ファイル">
      <UniqueIdentifier>{93995380-89BD-4b04-88EB-625FBE52EBFB}</UniqueIdentifier>
      <Extensions>h;hh;hpp;hxx;h++;hm;inl;inc;ipp;xsd</Extensions>
    </Filter>
    <Filter Include="リソース ファイル">
      <UniqueIdentifier>{67DA6AB6-F800-4c08-8B7A-83BB121AAD01}</UniqueIdentifier>
      <Extensions>rc;ico;cur;bmp;dlg;rc2;rct;bin;rgs;gif;jpg;jpeg;jpe;resx;tiff;tif;png;wav;mfcribbon-ms</Extensions>
    </Filter>
    <Filter Include="ヘッダー ファイル\scene">
      <UniqueIdentifier>{4d2a14b6-6679-4982-8b81-b01140912ca0}</UniqueIdentifier>
    </Filter>
    <Filter Include="ヘッダー ファイル\singleton">
      <UniqueIdentifier>{0f64f079-9a06-4319-babe-2097fb9d1010}</UniqueIdentifier>
    </Filter>
    <Filter Include="ソース ファイル\scene">
      <UniqueIdentifier>{0298a25d-cbd0-4605-b065-934998c82a09}</UniqueIdentifier>
    </Filter>
    <Filter Include="ソース ファイル\singleton">
      <UniqueIdentifier>{cc988b5e-89ac-4efd-baf1-d79d2881a0be}</UniqueIdentifier>
    </Filter>
    <Filter Include="ソース ファイル\game">
      <UniqueIdentifier>{a09315d7-931f-4a3f-922c-e20d00f9aa22}</UniqueIdentifier>
    </Filter>
    <Filter Include="ヘッダー ファイル\game">
      <UniqueIdentifier>{25b3a38c-0026-4404-bf15-cc82054bacfc}</UniqueIdentifier>
    </Filter>
    <Filter Include="ヘッダー ファイル\game\controll">
      <UniqueIdentifier>{b58e0c27-a9c3-4d96-ab18-f514340e5277}</UniqueIdentifier>
    </Filter>
    <Filter Include="ヘッダー ファイル\common">
      <UniqueIdentifier>{726cda3b-6ade-46f6-98f1-d1ce7e38abe8}</UniqueIdentifier>
    </Filter>
    <Filter Include="ヘッダー ファイル\game\controll\ConverterFactory">
      <UniqueIdentifier>{4b66c76b-e63d-443e-8a75-2110cfe48e41}</UniqueIdentifier>
    </Filter>
  </ItemGroup>
  <ItemGroup>
    <ClCompile Include="main.cpp">
      <Filter>ソース ファイル</Filter>
    </ClCompile>
    <ClCompile Include="source\scene\CSceneOwner.cpp">
      <Filter>ソース ファイル\scene</Filter>
    </ClCompile>
    <ClCompile Include="source\singleton\CSingleton.cpp">
      <Filter>ソース ファイル\singleton</Filter>
    </ClCompile>
    <ClCompile Include="source\scene\CSceneFactory.cpp">
      <Filter>ソース ファイル\scene</Filter>
    </ClCompile>
    <ClCompile Include="source\scene\CSceneSample.cpp">
      <Filter>ソース ファイル\scene</Filter>
    </ClCompile>
    <ClCompile Include="source\game\CGameApplication.cpp">
      <Filter>ソース ファイル\game</Filter>
    </ClCompile>
  </ItemGroup>
  <ItemGroup>
    <ClInclude Include="source\scene\IScene.h">
      <Filter>ヘッダー ファイル\scene</Filter>
    </ClInclude>
    <ClInclude Include="source\scene\CSceneOwner.h">
      <Filter>ヘッダー ファイル\scene</Filter>
    </ClInclude>
    <ClInclude Include="source\singleton\CSingleton.h">
      <Filter>ヘッダー ファイル\singleton</Filter>
    </ClInclude>
    <ClInclude Include="source\scene\CSceneFactory.h">
      <Filter>ヘッダー ファイル\scene</Filter>
    </ClInclude>
    <ClInclude Include="source\scene\CSceneSample.h">
      <Filter>ヘッダー ファイル\scene</Filter>
    </ClInclude>
    <ClInclude Include="source\game\CGameApplication.h">
      <Filter>ヘッダー ファイル\game</Filter>
    </ClInclude>
    <ClInclude Include="source\game\controll\IControllerInput.h">
      <Filter>ヘッダー ファイル\game\controll</Filter>
    </ClInclude>
    <ClInclude Include="source\game\controll\AControllerConverter.h">
      <Filter>ヘッダー ファイル\game\controll</Filter>
    </ClInclude>
    <ClInclude Include="source\game\controll\CGameController.h">
      <Filter>ヘッダー ファイル\game\controll</Filter>
    </ClInclude>
    <ClInclude Include="source\common\CommonUtil.h">
      <Filter>ヘッダー ファイル\common</Filter>
    </ClInclude>
    <ClInclude Include="source\common\CRepeat.h">
      <Filter>ヘッダー ファイル\common</Filter>
    </ClInclude>
    <ClInclude Include="source\game\controll\factory\CControllerConverterFactory.h">
      <Filter>ヘッダー ファイル\game\controll\ConverterFactory</Filter>
    </ClInclude>
  </ItemGroup>
</Project>